// !$*UTF8*$!
{
	archiveVersion = 1;
	classes = {
	};
	objectVersion = 56;
	objects = {

/* Begin PBXBuildFile section */
		C3995F0771EF0F71A4891CF2 /* Pods_fyp_TANetworking.framework in Frameworks */ = {isa = PBXBuildFile; fileRef = 30EB8DB9F009CDC13F8FEC0F /* Pods_fyp_TANetworking.framework */; };
		F015DA87659FB74C22588EE0 /* Pods_fyp.framework in Frameworks */ = {isa = PBXBuildFile; fileRef = E0C488B1DF34BC7F9D71777A /* Pods_fyp.framework */; };
		F31733E62BADB4D80018AA05 /* Avatar.swift in Sources */ = {isa = PBXBuildFile; fileRef = F31733E42BADB4D80018AA05 /* Avatar.swift */; };
		F31733E72BADB4D80018AA05 /* Avatar.xib in Resources */ = {isa = PBXBuildFile; fileRef = F31733E52BADB4D80018AA05 /* Avatar.xib */; };
		F317843F2BAD328600AD8110 /* UserVM.swift in Sources */ = {isa = PBXBuildFile; fileRef = F317843E2BAD328600AD8110 /* UserVM.swift */; };
		F31784432BAD36DF00AD8110 /* NavBarView.swift in Sources */ = {isa = PBXBuildFile; fileRef = F31784412BAD36DF00AD8110 /* NavBarView.swift */; };
		F31784442BAD36DF00AD8110 /* NavBarView.xib in Resources */ = {isa = PBXBuildFile; fileRef = F31784422BAD36DF00AD8110 /* NavBarView.xib */; };
		F31784482BAD390100AD8110 /* LeaveTypeListView.swift in Sources */ = {isa = PBXBuildFile; fileRef = F31784462BAD390100AD8110 /* LeaveTypeListView.swift */; };
		F31784492BAD390100AD8110 /* LeaveTypeListView.xib in Resources */ = {isa = PBXBuildFile; fileRef = F31784472BAD390100AD8110 /* LeaveTypeListView.xib */; };
		F317844C2BAD390B00AD8110 /* LeaveTypeListItemCell.swift in Sources */ = {isa = PBXBuildFile; fileRef = F317844A2BAD390B00AD8110 /* LeaveTypeListItemCell.swift */; };
		F317844D2BAD390B00AD8110 /* LeaveTypeListItemCell.xib in Resources */ = {isa = PBXBuildFile; fileRef = F317844B2BAD390B00AD8110 /* LeaveTypeListItemCell.xib */; };
		F317844F2BAD3AD400AD8110 /* UICollectionView+Ext.swift in Sources */ = {isa = PBXBuildFile; fileRef = F317844E2BAD3AD400AD8110 /* UICollectionView+Ext.swift */; };
		F31784512BAD3E7500AD8110 /* LeaveVM.swift in Sources */ = {isa = PBXBuildFile; fileRef = F31784502BAD3E7500AD8110 /* LeaveVM.swift */; };
		F31784542BAD3E8600AD8110 /* LeaveType.swift in Sources */ = {isa = PBXBuildFile; fileRef = F31784532BAD3E8600AD8110 /* LeaveType.swift */; };
		F31784562BAD3ED000AD8110 /* LeaveService.swift in Sources */ = {isa = PBXBuildFile; fileRef = F31784552BAD3ED000AD8110 /* LeaveService.swift */; };
		F31784582BAD3F6A00AD8110 /* LeaveBalanceData.swift in Sources */ = {isa = PBXBuildFile; fileRef = F31784572BAD3F6A00AD8110 /* LeaveBalanceData.swift */; };
		F317845A2BAD43BD00AD8110 /* +Ext.swift in Sources */ = {isa = PBXBuildFile; fileRef = F31784592BAD43BD00AD8110 /* +Ext.swift */; };
		F317845C2BAD46FA00AD8110 /* LeaveRequestData.swift in Sources */ = {isa = PBXBuildFile; fileRef = F317845B2BAD46FA00AD8110 /* LeaveRequestData.swift */; };
		F317845E2BAD479A00AD8110 /* LeaveRequest.swift in Sources */ = {isa = PBXBuildFile; fileRef = F317845D2BAD479A00AD8110 /* LeaveRequest.swift */; };
		F31784622BAD486D00AD8110 /* MyLeaveRequestListView.swift in Sources */ = {isa = PBXBuildFile; fileRef = F31784602BAD486D00AD8110 /* MyLeaveRequestListView.swift */; };
		F31784632BAD486D00AD8110 /* MyLeaveRequestListView.xib in Resources */ = {isa = PBXBuildFile; fileRef = F31784612BAD486D00AD8110 /* MyLeaveRequestListView.xib */; };
		F31784662BAD487900AD8110 /* MyLeaveRequestListCell.swift in Sources */ = {isa = PBXBuildFile; fileRef = F31784642BAD487900AD8110 /* MyLeaveRequestListCell.swift */; };
		F31784672BAD487900AD8110 /* MyLeaveRequestListCell.xib in Resources */ = {isa = PBXBuildFile; fileRef = F31784652BAD487900AD8110 /* MyLeaveRequestListCell.xib */; };
		F31784692BAD492400AD8110 /* UITableView+Ext.swift in Sources */ = {isa = PBXBuildFile; fileRef = F31784682BAD492400AD8110 /* UITableView+Ext.swift */; };
		F317846D2BAD4ECE00AD8110 /* DayView.swift in Sources */ = {isa = PBXBuildFile; fileRef = F317846B2BAD4ECE00AD8110 /* DayView.swift */; };
		F317846E2BAD4ECE00AD8110 /* DayView.xib in Resources */ = {isa = PBXBuildFile; fileRef = F317846C2BAD4ECE00AD8110 /* DayView.xib */; };
		F31784702BAD526D00AD8110 /* UIViewController+Ext.swift in Sources */ = {isa = PBXBuildFile; fileRef = F317846F2BAD526D00AD8110 /* UIViewController+Ext.swift */; };
		F31784742BAD52EB00AD8110 /* LeaveRequestController.swift in Sources */ = {isa = PBXBuildFile; fileRef = F31784722BAD52EB00AD8110 /* LeaveRequestController.swift */; };
		F31784752BAD52EB00AD8110 /* LeaveRequestController.xib in Resources */ = {isa = PBXBuildFile; fileRef = F31784732BAD52EB00AD8110 /* LeaveRequestController.xib */; };
		F31784792BAD55EF00AD8110 /* SelectBox.swift in Sources */ = {isa = PBXBuildFile; fileRef = F31784772BAD55EF00AD8110 /* SelectBox.swift */; };
		F317847A2BAD55EF00AD8110 /* SelectBox.xib in Resources */ = {isa = PBXBuildFile; fileRef = F31784782BAD55EF00AD8110 /* SelectBox.xib */; };
		F330314D2BADC1090053005D /* DateSelectionController.swift in Sources */ = {isa = PBXBuildFile; fileRef = F330314B2BADC1090053005D /* DateSelectionController.swift */; };
		F330314E2BADC1090053005D /* DateSelectionController.xib in Resources */ = {isa = PBXBuildFile; fileRef = F330314C2BADC1090053005D /* DateSelectionController.xib */; };
		F33031522BADC1180053005D /* SelectionController.swift in Sources */ = {isa = PBXBuildFile; fileRef = F33031502BADC1180053005D /* SelectionController.swift */; };
		F33031532BADC1180053005D /* SelectionController.xib in Resources */ = {isa = PBXBuildFile; fileRef = F33031512BADC1180053005D /* SelectionController.xib */; };
		F33031552BADC78A0053005D /* ManagerVM.swift in Sources */ = {isa = PBXBuildFile; fileRef = F33031542BADC78A0053005D /* ManagerVM.swift */; };
		F33031572BADC8D20053005D /* ManagerData.swift in Sources */ = {isa = PBXBuildFile; fileRef = F33031562BADC8D20053005D /* ManagerData.swift */; };
		F33031592BADCB0D0053005D /* NetworkTypeProxy.swift in Sources */ = {isa = PBXBuildFile; fileRef = F33031582BADCB0D0053005D /* NetworkTypeProxy.swift */; };
		F33AA1062BA4BFE000119193 /* TANetworking.h in Headers */ = {isa = PBXBuildFile; fileRef = F33AA1052BA4BFE000119193 /* TANetworking.h */; settings = {ATTRIBUTES = (Public, ); }; };
		F33AA1092BA4BFE000119193 /* TANetworking.framework in Frameworks */ = {isa = PBXBuildFile; fileRef = F33AA1032BA4BFE000119193 /* TANetworking.framework */; };
		F33AA10A2BA4BFE000119193 /* TANetworking.framework in Embed Frameworks */ = {isa = PBXBuildFile; fileRef = F33AA1032BA4BFE000119193 /* TANetworking.framework */; settings = {ATTRIBUTES = (CodeSignOnCopy, RemoveHeadersOnCopy, ); }; };
		F33AA1112BA4C03200119193 /* Config.swift in Sources */ = {isa = PBXBuildFile; fileRef = F33AA1102BA4C03200119193 /* Config.swift */; };
		F33AA1132BA4C16000119193 /* main.swift in Sources */ = {isa = PBXBuildFile; fileRef = F33AA1122BA4C16000119193 /* main.swift */; };
		F33AA11C2BA4C2B100119193 /* LoginController.swift in Sources */ = {isa = PBXBuildFile; fileRef = F33AA11A2BA4C2B100119193 /* LoginController.swift */; };
		F33AA11D2BA4C2B100119193 /* LoginController.xib in Resources */ = {isa = PBXBuildFile; fileRef = F33AA11B2BA4C2B100119193 /* LoginController.xib */; };
		F33AA1212BA4C2F400119193 /* SplashController.swift in Sources */ = {isa = PBXBuildFile; fileRef = F33AA11F2BA4C2F400119193 /* SplashController.swift */; };
		F33AA1222BA4C2F400119193 /* SplashController.xib in Resources */ = {isa = PBXBuildFile; fileRef = F33AA1202BA4C2F400119193 /* SplashController.xib */; };
		F38A71DE2BAD58FF00A0E12F /* TextBox.swift in Sources */ = {isa = PBXBuildFile; fileRef = F38A71DC2BAD58FF00A0E12F /* TextBox.swift */; };
		F38A71DF2BAD58FF00A0E12F /* TextBox.xib in Resources */ = {isa = PBXBuildFile; fileRef = F38A71DD2BAD58FF00A0E12F /* TextBox.xib */; };
		F38A71E32BAD9C0B00A0E12F /* LeaveRequestDetailController.swift in Sources */ = {isa = PBXBuildFile; fileRef = F38A71E12BAD9C0B00A0E12F /* LeaveRequestDetailController.swift */; };
		F38A71E42BAD9C0B00A0E12F /* LeaveRequestDetailController.xib in Resources */ = {isa = PBXBuildFile; fileRef = F38A71E22BAD9C0B00A0E12F /* LeaveRequestDetailController.xib */; };
		F38A71E82BADB0EE00A0E12F /* ManagerSelectionController.swift in Sources */ = {isa = PBXBuildFile; fileRef = F38A71E62BADB0EE00A0E12F /* ManagerSelectionController.swift */; };
		F38A71E92BADB0EE00A0E12F /* ManagerSelectionController.xib in Resources */ = {isa = PBXBuildFile; fileRef = F38A71E72BADB0EE00A0E12F /* ManagerSelectionController.xib */; };
		F38A71ED2BADB10800A0E12F /* ManagerSelectionCell.swift in Sources */ = {isa = PBXBuildFile; fileRef = F38A71EB2BADB10800A0E12F /* ManagerSelectionCell.swift */; };
		F38A71EE2BADB10800A0E12F /* ManagerSelectionCell.xib in Resources */ = {isa = PBXBuildFile; fileRef = F38A71EC2BADB10800A0E12F /* ManagerSelectionCell.xib */; };
		F38A71F02BADB13300A0E12F /* Manager.swift in Sources */ = {isa = PBXBuildFile; fileRef = F38A71EF2BADB13300A0E12F /* Manager.swift */; };
		F38A71F42BADB17B00A0E12F /* ItemGroup.swift in Sources */ = {isa = PBXBuildFile; fileRef = F38A71F32BADB17B00A0E12F /* ItemGroup.swift */; };
		F3956A712BA98CFD000DBD1A /* UIApplication+Ext.swift in Sources */ = {isa = PBXBuildFile; fileRef = F3956A702BA98CFD000DBD1A /* UIApplication+Ext.swift */; };
		F3956A942BA9901E000DBD1A /* Inter-Medium.ttf in Resources */ = {isa = PBXBuildFile; fileRef = F3956A8A2BA9901E000DBD1A /* Inter-Medium.ttf */; };
		F3956A952BA9901E000DBD1A /* Inter-Light.ttf in Resources */ = {isa = PBXBuildFile; fileRef = F3956A8B2BA9901E000DBD1A /* Inter-Light.ttf */; };
		F3956A962BA9901E000DBD1A /* Inter-Thin.ttf in Resources */ = {isa = PBXBuildFile; fileRef = F3956A8C2BA9901E000DBD1A /* Inter-Thin.ttf */; };
		F3956A972BA9901E000DBD1A /* Inter-Bold.ttf in Resources */ = {isa = PBXBuildFile; fileRef = F3956A8D2BA9901E000DBD1A /* Inter-Bold.ttf */; };
		F3956A982BA9901E000DBD1A /* Inter-Regular.ttf in Resources */ = {isa = PBXBuildFile; fileRef = F3956A8E2BA9901E000DBD1A /* Inter-Regular.ttf */; };
		F3956A992BA9901E000DBD1A /* Inter-ExtraBold.ttf in Resources */ = {isa = PBXBuildFile; fileRef = F3956A8F2BA9901E000DBD1A /* Inter-ExtraBold.ttf */; };
		F3956A9A2BA9901E000DBD1A /* OFL.txt in Resources */ = {isa = PBXBuildFile; fileRef = F3956A902BA9901E000DBD1A /* OFL.txt */; };
		F3956A9B2BA9901E000DBD1A /* Inter-ExtraLight.ttf in Resources */ = {isa = PBXBuildFile; fileRef = F3956A912BA9901E000DBD1A /* Inter-ExtraLight.ttf */; };
		F3956A9C2BA9901E000DBD1A /* Inter-Black.ttf in Resources */ = {isa = PBXBuildFile; fileRef = F3956A922BA9901E000DBD1A /* Inter-Black.ttf */; };
		F3956A9D2BA9901E000DBD1A /* Inter-SemiBold.ttf in Resources */ = {isa = PBXBuildFile; fileRef = F3956A932BA9901E000DBD1A /* Inter-SemiBold.ttf */; };
		F3956AA02BA99229000DBD1A /* UIView+Ext.swift in Sources */ = {isa = PBXBuildFile; fileRef = F3956A9F2BA99229000DBD1A /* UIView+Ext.swift */; };
		F3956AA22BA99309000DBD1A /* NibLoadable.swift in Sources */ = {isa = PBXBuildFile; fileRef = F3956AA12BA99309000DBD1A /* NibLoadable.swift */; };
		F3956AA72BA99540000DBD1A /* TextField.swift in Sources */ = {isa = PBXBuildFile; fileRef = F3956AA52BA99540000DBD1A /* TextField.swift */; };
		F3956AA82BA99540000DBD1A /* TextField.xib in Resources */ = {isa = PBXBuildFile; fileRef = F3956AA62BA99540000DBD1A /* TextField.xib */; };
		F3956AAC2BA9A027000DBD1A /* CheckBox.swift in Sources */ = {isa = PBXBuildFile; fileRef = F3956AAA2BA9A027000DBD1A /* CheckBox.swift */; };
		F3956AAD2BA9A027000DBD1A /* CheckBox.xib in Resources */ = {isa = PBXBuildFile; fileRef = F3956AAB2BA9A027000DBD1A /* CheckBox.xib */; };
		F3956AB02BA9A2EE000DBD1A /* FilledButton.swift in Sources */ = {isa = PBXBuildFile; fileRef = F3956AAF2BA9A2EE000DBD1A /* FilledButton.swift */; };
		F3956AB22BA9E3D3000DBD1A /* LoginService.swift in Sources */ = {isa = PBXBuildFile; fileRef = F3956AB12BA9E3D3000DBD1A /* LoginService.swift */; };
		F3956AB42BA9E474000DBD1A /* LoginModel.swift in Sources */ = {isa = PBXBuildFile; fileRef = F3956AB32BA9E474000DBD1A /* LoginModel.swift */; };
		F3956AB82BA9E54D000DBD1A /* UIViewController+Alert.swift in Sources */ = {isa = PBXBuildFile; fileRef = F3956AB72BA9E54D000DBD1A /* UIViewController+Alert.swift */; };
		F3956ABB2BA9E9A6000DBD1A /* AnyJSON.swift in Sources */ = {isa = PBXBuildFile; fileRef = F3956ABA2BA9E9A6000DBD1A /* AnyJSON.swift */; };
		F3956ABD2BA9EDE6000DBD1A /* UserModel.swift in Sources */ = {isa = PBXBuildFile; fileRef = F3956ABC2BA9EDE6000DBD1A /* UserModel.swift */; };
		F3956AC32BA9EF82000DBD1A /* LoginData.swift in Sources */ = {isa = PBXBuildFile; fileRef = F3956AC22BA9EF82000DBD1A /* LoginData.swift */; };
		F3956ACA2BA9EFEB000DBD1A /* String+Error.swift in Sources */ = {isa = PBXBuildFile; fileRef = F3956AB52BA9E50C000DBD1A /* String+Error.swift */; };
		F3956ACC2BA9F038000DBD1A /* UserService.swift in Sources */ = {isa = PBXBuildFile; fileRef = F3956ACB2BA9F038000DBD1A /* UserService.swift */; };
		F3956ACE2BA9F1EC000DBD1A /* UserData.swift in Sources */ = {isa = PBXBuildFile; fileRef = F3956ACD2BA9F1EC000DBD1A /* UserData.swift */; };
		F3956AD32BA9F5B8000DBD1A /* BaseController.swift in Sources */ = {isa = PBXBuildFile; fileRef = F3956AD12BA9F5B8000DBD1A /* BaseController.swift */; };
		F3956AD82BA9F770000DBD1A /* ProfileController.swift in Sources */ = {isa = PBXBuildFile; fileRef = F3956AD62BA9F770000DBD1A /* ProfileController.swift */; };
		F3956AD92BA9F770000DBD1A /* ProfileController.xib in Resources */ = {isa = PBXBuildFile; fileRef = F3956AD72BA9F770000DBD1A /* ProfileController.xib */; };
		F3956ADD2BA9F791000DBD1A /* DashboardController.swift in Sources */ = {isa = PBXBuildFile; fileRef = F3956ADB2BA9F791000DBD1A /* DashboardController.swift */; };
		F3956ADE2BA9F791000DBD1A /* DashboardController.xib in Resources */ = {isa = PBXBuildFile; fileRef = F3956ADC2BA9F791000DBD1A /* DashboardController.xib */; };
		F3956AE22BA9F7AD000DBD1A /* InboxController.swift in Sources */ = {isa = PBXBuildFile; fileRef = F3956AE02BA9F7AD000DBD1A /* InboxController.swift */; };
		F3956AE32BA9F7AD000DBD1A /* InboxController.xib in Resources */ = {isa = PBXBuildFile; fileRef = F3956AE12BA9F7AD000DBD1A /* InboxController.xib */; };
		F3956AE72BA9F7CD000DBD1A /* LeaveController.swift in Sources */ = {isa = PBXBuildFile; fileRef = F3956AE52BA9F7CD000DBD1A /* LeaveController.swift */; };
		F3956AE82BA9F7CD000DBD1A /* LeaveController.xib in Resources */ = {isa = PBXBuildFile; fileRef = F3956AE62BA9F7CD000DBD1A /* LeaveController.xib */; };
		F39ACF842BAA75DF0078A017 /* TitleView.swift in Sources */ = {isa = PBXBuildFile; fileRef = F39ACF822BAA75DF0078A017 /* TitleView.swift */; };
		F39ACF852BAA75DF0078A017 /* TitleView.xib in Resources */ = {isa = PBXBuildFile; fileRef = F39ACF832BAA75DF0078A017 /* TitleView.xib */; };
		F3A74D612BA4BC6A00E91DFE /* AppDelegate.swift in Sources */ = {isa = PBXBuildFile; fileRef = F3A74D602BA4BC6A00E91DFE /* AppDelegate.swift */; };
		F3A74D632BA4BC6A00E91DFE /* SceneDelegate.swift in Sources */ = {isa = PBXBuildFile; fileRef = F3A74D622BA4BC6A00E91DFE /* SceneDelegate.swift */; };
		F3A74D6A2BA4BC6C00E91DFE /* Assets.xcassets in Resources */ = {isa = PBXBuildFile; fileRef = F3A74D692BA4BC6C00E91DFE /* Assets.xcassets */; };
		F3A74D6D2BA4BC6C00E91DFE /* LaunchScreen.storyboard in Resources */ = {isa = PBXBuildFile; fileRef = F3A74D6B2BA4BC6C00E91DFE /* LaunchScreen.storyboard */; };
/* End PBXBuildFile section */

/* Begin PBXContainerItemProxy section */
		F33AA1072BA4BFE000119193 /* PBXContainerItemProxy */ = {
			isa = PBXContainerItemProxy;
			containerPortal = F3A74D552BA4BC6A00E91DFE /* Project object */;
			proxyType = 1;
			remoteGlobalIDString = F33AA1022BA4BFE000119193;
			remoteInfo = TANetworking;
		};
/* End PBXContainerItemProxy section */

/* Begin PBXCopyFilesBuildPhase section */
		F33AA10E2BA4BFE000119193 /* Embed Frameworks */ = {
			isa = PBXCopyFilesBuildPhase;
			buildActionMask = 2147483647;
			dstPath = "";
			dstSubfolderSpec = 10;
			files = (
				F33AA10A2BA4BFE000119193 /* TANetworking.framework in Embed Frameworks */,
			);
			name = "Embed Frameworks";
			runOnlyForDeploymentPostprocessing = 0;
		};
/* End PBXCopyFilesBuildPhase section */

/* Begin PBXFileReference section */
		30EB8DB9F009CDC13F8FEC0F /* Pods_fyp_TANetworking.framework */ = {isa = PBXFileReference; explicitFileType = wrapper.framework; includeInIndex = 0; path = Pods_fyp_TANetworking.framework; sourceTree = BUILT_PRODUCTS_DIR; };
		B54E4CD33F81B3EE129F0836 /* Pods-fyp-TANetworking.debug.xcconfig */ = {isa = PBXFileReference; includeInIndex = 1; lastKnownFileType = text.xcconfig; name = "Pods-fyp-TANetworking.debug.xcconfig"; path = "Target Support Files/Pods-fyp-TANetworking/Pods-fyp-TANetworking.debug.xcconfig"; sourceTree = "<group>"; };
		C99E33E0ACAD03638AB205CE /* Pods-fyp-TANetworking.release.xcconfig */ = {isa = PBXFileReference; includeInIndex = 1; lastKnownFileType = text.xcconfig; name = "Pods-fyp-TANetworking.release.xcconfig"; path = "Target Support Files/Pods-fyp-TANetworking/Pods-fyp-TANetworking.release.xcconfig"; sourceTree = "<group>"; };
		CCDA16917C5736AABA612CBB /* Pods-fyp.release.xcconfig */ = {isa = PBXFileReference; includeInIndex = 1; lastKnownFileType = text.xcconfig; name = "Pods-fyp.release.xcconfig"; path = "Target Support Files/Pods-fyp/Pods-fyp.release.xcconfig"; sourceTree = "<group>"; };
		DD34DFB863D2FF26F321C19F /* Pods-fyp.debug.xcconfig */ = {isa = PBXFileReference; includeInIndex = 1; lastKnownFileType = text.xcconfig; name = "Pods-fyp.debug.xcconfig"; path = "Target Support Files/Pods-fyp/Pods-fyp.debug.xcconfig"; sourceTree = "<group>"; };
		E0C488B1DF34BC7F9D71777A /* Pods_fyp.framework */ = {isa = PBXFileReference; explicitFileType = wrapper.framework; includeInIndex = 0; path = Pods_fyp.framework; sourceTree = BUILT_PRODUCTS_DIR; };
		F31733E42BADB4D80018AA05 /* Avatar.swift */ = {isa = PBXFileReference; lastKnownFileType = sourcecode.swift; path = Avatar.swift; sourceTree = "<group>"; };
		F31733E52BADB4D80018AA05 /* Avatar.xib */ = {isa = PBXFileReference; lastKnownFileType = file.xib; path = Avatar.xib; sourceTree = "<group>"; };
		F317843E2BAD328600AD8110 /* UserVM.swift */ = {isa = PBXFileReference; lastKnownFileType = sourcecode.swift; path = UserVM.swift; sourceTree = "<group>"; };
		F31784412BAD36DF00AD8110 /* NavBarView.swift */ = {isa = PBXFileReference; lastKnownFileType = sourcecode.swift; path = NavBarView.swift; sourceTree = "<group>"; };
		F31784422BAD36DF00AD8110 /* NavBarView.xib */ = {isa = PBXFileReference; lastKnownFileType = file.xib; path = NavBarView.xib; sourceTree = "<group>"; };
		F31784462BAD390100AD8110 /* LeaveTypeListView.swift */ = {isa = PBXFileReference; lastKnownFileType = sourcecode.swift; path = LeaveTypeListView.swift; sourceTree = "<group>"; };
		F31784472BAD390100AD8110 /* LeaveTypeListView.xib */ = {isa = PBXFileReference; lastKnownFileType = file.xib; path = LeaveTypeListView.xib; sourceTree = "<group>"; };
		F317844A2BAD390B00AD8110 /* LeaveTypeListItemCell.swift */ = {isa = PBXFileReference; lastKnownFileType = sourcecode.swift; path = LeaveTypeListItemCell.swift; sourceTree = "<group>"; };
		F317844B2BAD390B00AD8110 /* LeaveTypeListItemCell.xib */ = {isa = PBXFileReference; lastKnownFileType = file.xib; path = LeaveTypeListItemCell.xib; sourceTree = "<group>"; };
		F317844E2BAD3AD400AD8110 /* UICollectionView+Ext.swift */ = {isa = PBXFileReference; lastKnownFileType = sourcecode.swift; path = "UICollectionView+Ext.swift"; sourceTree = "<group>"; };
		F31784502BAD3E7500AD8110 /* LeaveVM.swift */ = {isa = PBXFileReference; lastKnownFileType = sourcecode.swift; path = LeaveVM.swift; sourceTree = "<group>"; };
		F31784532BAD3E8600AD8110 /* LeaveType.swift */ = {isa = PBXFileReference; lastKnownFileType = sourcecode.swift; path = LeaveType.swift; sourceTree = "<group>"; };
		F31784552BAD3ED000AD8110 /* LeaveService.swift */ = {isa = PBXFileReference; lastKnownFileType = sourcecode.swift; path = LeaveService.swift; sourceTree = "<group>"; };
		F31784572BAD3F6A00AD8110 /* LeaveBalanceData.swift */ = {isa = PBXFileReference; lastKnownFileType = sourcecode.swift; path = LeaveBalanceData.swift; sourceTree = "<group>"; };
		F31784592BAD43BD00AD8110 /* +Ext.swift */ = {isa = PBXFileReference; lastKnownFileType = sourcecode.swift; path = "+Ext.swift"; sourceTree = "<group>"; };
		F317845B2BAD46FA00AD8110 /* LeaveRequestData.swift */ = {isa = PBXFileReference; lastKnownFileType = sourcecode.swift; path = LeaveRequestData.swift; sourceTree = "<group>"; };
		F317845D2BAD479A00AD8110 /* LeaveRequest.swift */ = {isa = PBXFileReference; lastKnownFileType = sourcecode.swift; path = LeaveRequest.swift; sourceTree = "<group>"; };
		F31784602BAD486D00AD8110 /* MyLeaveRequestListView.swift */ = {isa = PBXFileReference; lastKnownFileType = sourcecode.swift; path = MyLeaveRequestListView.swift; sourceTree = "<group>"; };
		F31784612BAD486D00AD8110 /* MyLeaveRequestListView.xib */ = {isa = PBXFileReference; lastKnownFileType = file.xib; path = MyLeaveRequestListView.xib; sourceTree = "<group>"; };
		F31784642BAD487900AD8110 /* MyLeaveRequestListCell.swift */ = {isa = PBXFileReference; lastKnownFileType = sourcecode.swift; path = MyLeaveRequestListCell.swift; sourceTree = "<group>"; };
		F31784652BAD487900AD8110 /* MyLeaveRequestListCell.xib */ = {isa = PBXFileReference; lastKnownFileType = file.xib; path = MyLeaveRequestListCell.xib; sourceTree = "<group>"; };
		F31784682BAD492400AD8110 /* UITableView+Ext.swift */ = {isa = PBXFileReference; lastKnownFileType = sourcecode.swift; path = "UITableView+Ext.swift"; sourceTree = "<group>"; };
		F317846B2BAD4ECE00AD8110 /* DayView.swift */ = {isa = PBXFileReference; lastKnownFileType = sourcecode.swift; path = DayView.swift; sourceTree = "<group>"; };
		F317846C2BAD4ECE00AD8110 /* DayView.xib */ = {isa = PBXFileReference; lastKnownFileType = file.xib; path = DayView.xib; sourceTree = "<group>"; };
		F317846F2BAD526D00AD8110 /* UIViewController+Ext.swift */ = {isa = PBXFileReference; lastKnownFileType = sourcecode.swift; path = "UIViewController+Ext.swift"; sourceTree = "<group>"; };
		F31784722BAD52EB00AD8110 /* LeaveRequestController.swift */ = {isa = PBXFileReference; lastKnownFileType = sourcecode.swift; path = LeaveRequestController.swift; sourceTree = "<group>"; };
		F31784732BAD52EB00AD8110 /* LeaveRequestController.xib */ = {isa = PBXFileReference; lastKnownFileType = file.xib; path = LeaveRequestController.xib; sourceTree = "<group>"; };
		F31784772BAD55EF00AD8110 /* SelectBox.swift */ = {isa = PBXFileReference; lastKnownFileType = sourcecode.swift; path = SelectBox.swift; sourceTree = "<group>"; };
		F31784782BAD55EF00AD8110 /* SelectBox.xib */ = {isa = PBXFileReference; lastKnownFileType = file.xib; path = SelectBox.xib; sourceTree = "<group>"; };
		F330314B2BADC1090053005D /* DateSelectionController.swift */ = {isa = PBXFileReference; lastKnownFileType = sourcecode.swift; path = DateSelectionController.swift; sourceTree = "<group>"; };
		F330314C2BADC1090053005D /* DateSelectionController.xib */ = {isa = PBXFileReference; lastKnownFileType = file.xib; path = DateSelectionController.xib; sourceTree = "<group>"; };
		F33031502BADC1180053005D /* SelectionController.swift */ = {isa = PBXFileReference; lastKnownFileType = sourcecode.swift; path = SelectionController.swift; sourceTree = "<group>"; };
		F33031512BADC1180053005D /* SelectionController.xib */ = {isa = PBXFileReference; lastKnownFileType = file.xib; path = SelectionController.xib; sourceTree = "<group>"; };
		F33031542BADC78A0053005D /* ManagerVM.swift */ = {isa = PBXFileReference; lastKnownFileType = sourcecode.swift; path = ManagerVM.swift; sourceTree = "<group>"; };
		F33031562BADC8D20053005D /* ManagerData.swift */ = {isa = PBXFileReference; lastKnownFileType = sourcecode.swift; path = ManagerData.swift; sourceTree = "<group>"; };
		F33031582BADCB0D0053005D /* NetworkTypeProxy.swift */ = {isa = PBXFileReference; lastKnownFileType = sourcecode.swift; path = NetworkTypeProxy.swift; sourceTree = "<group>"; };
		F33AA1032BA4BFE000119193 /* TANetworking.framework */ = {isa = PBXFileReference; explicitFileType = wrapper.framework; includeInIndex = 0; path = TANetworking.framework; sourceTree = BUILT_PRODUCTS_DIR; };
		F33AA1052BA4BFE000119193 /* TANetworking.h */ = {isa = PBXFileReference; lastKnownFileType = sourcecode.c.h; path = TANetworking.h; sourceTree = "<group>"; };
		F33AA1102BA4C03200119193 /* Config.swift */ = {isa = PBXFileReference; lastKnownFileType = sourcecode.swift; path = Config.swift; sourceTree = "<group>"; };
		F33AA1122BA4C16000119193 /* main.swift */ = {isa = PBXFileReference; lastKnownFileType = sourcecode.swift; path = main.swift; sourceTree = "<group>"; };
		F33AA11A2BA4C2B100119193 /* LoginController.swift */ = {isa = PBXFileReference; lastKnownFileType = sourcecode.swift; path = LoginController.swift; sourceTree = "<group>"; };
		F33AA11B2BA4C2B100119193 /* LoginController.xib */ = {isa = PBXFileReference; lastKnownFileType = file.xib; path = LoginController.xib; sourceTree = "<group>"; };
		F33AA11F2BA4C2F400119193 /* SplashController.swift */ = {isa = PBXFileReference; lastKnownFileType = sourcecode.swift; path = SplashController.swift; sourceTree = "<group>"; };
		F33AA1202BA4C2F400119193 /* SplashController.xib */ = {isa = PBXFileReference; lastKnownFileType = file.xib; path = SplashController.xib; sourceTree = "<group>"; };
		F38A71DC2BAD58FF00A0E12F /* TextBox.swift */ = {isa = PBXFileReference; lastKnownFileType = sourcecode.swift; path = TextBox.swift; sourceTree = "<group>"; };
		F38A71DD2BAD58FF00A0E12F /* TextBox.xib */ = {isa = PBXFileReference; lastKnownFileType = file.xib; path = TextBox.xib; sourceTree = "<group>"; };
		F38A71E12BAD9C0B00A0E12F /* LeaveRequestDetailController.swift */ = {isa = PBXFileReference; lastKnownFileType = sourcecode.swift; path = LeaveRequestDetailController.swift; sourceTree = "<group>"; };
		F38A71E22BAD9C0B00A0E12F /* LeaveRequestDetailController.xib */ = {isa = PBXFileReference; lastKnownFileType = file.xib; path = LeaveRequestDetailController.xib; sourceTree = "<group>"; };
		F38A71E62BADB0EE00A0E12F /* ManagerSelectionController.swift */ = {isa = PBXFileReference; lastKnownFileType = sourcecode.swift; path = ManagerSelectionController.swift; sourceTree = "<group>"; };
		F38A71E72BADB0EE00A0E12F /* ManagerSelectionController.xib */ = {isa = PBXFileReference; lastKnownFileType = file.xib; path = ManagerSelectionController.xib; sourceTree = "<group>"; };
		F38A71EB2BADB10800A0E12F /* ManagerSelectionCell.swift */ = {isa = PBXFileReference; lastKnownFileType = sourcecode.swift; path = ManagerSelectionCell.swift; sourceTree = "<group>"; };
		F38A71EC2BADB10800A0E12F /* ManagerSelectionCell.xib */ = {isa = PBXFileReference; lastKnownFileType = file.xib; path = ManagerSelectionCell.xib; sourceTree = "<group>"; };
		F38A71EF2BADB13300A0E12F /* Manager.swift */ = {isa = PBXFileReference; lastKnownFileType = sourcecode.swift; path = Manager.swift; sourceTree = "<group>"; };
		F38A71F32BADB17B00A0E12F /* ItemGroup.swift */ = {isa = PBXFileReference; lastKnownFileType = sourcecode.swift; path = ItemGroup.swift; sourceTree = "<group>"; };
		F3956A702BA98CFD000DBD1A /* UIApplication+Ext.swift */ = {isa = PBXFileReference; lastKnownFileType = sourcecode.swift; path = "UIApplication+Ext.swift"; sourceTree = "<group>"; };
		F3956A8A2BA9901E000DBD1A /* Inter-Medium.ttf */ = {isa = PBXFileReference; lastKnownFileType = file; path = "Inter-Medium.ttf"; sourceTree = "<group>"; };
		F3956A8B2BA9901E000DBD1A /* Inter-Light.ttf */ = {isa = PBXFileReference; lastKnownFileType = file; path = "Inter-Light.ttf"; sourceTree = "<group>"; };
		F3956A8C2BA9901E000DBD1A /* Inter-Thin.ttf */ = {isa = PBXFileReference; lastKnownFileType = file; path = "Inter-Thin.ttf"; sourceTree = "<group>"; };
		F3956A8D2BA9901E000DBD1A /* Inter-Bold.ttf */ = {isa = PBXFileReference; lastKnownFileType = file; path = "Inter-Bold.ttf"; sourceTree = "<group>"; };
		F3956A8E2BA9901E000DBD1A /* Inter-Regular.ttf */ = {isa = PBXFileReference; lastKnownFileType = file; path = "Inter-Regular.ttf"; sourceTree = "<group>"; };
		F3956A8F2BA9901E000DBD1A /* Inter-ExtraBold.ttf */ = {isa = PBXFileReference; lastKnownFileType = file; path = "Inter-ExtraBold.ttf"; sourceTree = "<group>"; };
		F3956A902BA9901E000DBD1A /* OFL.txt */ = {isa = PBXFileReference; fileEncoding = 4; lastKnownFileType = text; path = OFL.txt; sourceTree = "<group>"; };
		F3956A912BA9901E000DBD1A /* Inter-ExtraLight.ttf */ = {isa = PBXFileReference; lastKnownFileType = file; path = "Inter-ExtraLight.ttf"; sourceTree = "<group>"; };
		F3956A922BA9901E000DBD1A /* Inter-Black.ttf */ = {isa = PBXFileReference; lastKnownFileType = file; path = "Inter-Black.ttf"; sourceTree = "<group>"; };
		F3956A932BA9901E000DBD1A /* Inter-SemiBold.ttf */ = {isa = PBXFileReference; lastKnownFileType = file; path = "Inter-SemiBold.ttf"; sourceTree = "<group>"; };
		F3956A9F2BA99229000DBD1A /* UIView+Ext.swift */ = {isa = PBXFileReference; lastKnownFileType = sourcecode.swift; path = "UIView+Ext.swift"; sourceTree = "<group>"; };
		F3956AA12BA99309000DBD1A /* NibLoadable.swift */ = {isa = PBXFileReference; lastKnownFileType = sourcecode.swift; path = NibLoadable.swift; sourceTree = "<group>"; };
		F3956AA52BA99540000DBD1A /* TextField.swift */ = {isa = PBXFileReference; lastKnownFileType = sourcecode.swift; path = TextField.swift; sourceTree = "<group>"; };
		F3956AA62BA99540000DBD1A /* TextField.xib */ = {isa = PBXFileReference; lastKnownFileType = file.xib; path = TextField.xib; sourceTree = "<group>"; };
		F3956AAA2BA9A027000DBD1A /* CheckBox.swift */ = {isa = PBXFileReference; lastKnownFileType = sourcecode.swift; path = CheckBox.swift; sourceTree = "<group>"; };
		F3956AAB2BA9A027000DBD1A /* CheckBox.xib */ = {isa = PBXFileReference; lastKnownFileType = file.xib; path = CheckBox.xib; sourceTree = "<group>"; };
		F3956AAF2BA9A2EE000DBD1A /* FilledButton.swift */ = {isa = PBXFileReference; lastKnownFileType = sourcecode.swift; path = FilledButton.swift; sourceTree = "<group>"; };
		F3956AB12BA9E3D3000DBD1A /* LoginService.swift */ = {isa = PBXFileReference; lastKnownFileType = sourcecode.swift; path = LoginService.swift; sourceTree = "<group>"; };
		F3956AB32BA9E474000DBD1A /* LoginModel.swift */ = {isa = PBXFileReference; lastKnownFileType = sourcecode.swift; path = LoginModel.swift; sourceTree = "<group>"; };
		F3956AB52BA9E50C000DBD1A /* String+Error.swift */ = {isa = PBXFileReference; lastKnownFileType = sourcecode.swift; path = "String+Error.swift"; sourceTree = "<group>"; };
		F3956AB72BA9E54D000DBD1A /* UIViewController+Alert.swift */ = {isa = PBXFileReference; lastKnownFileType = sourcecode.swift; path = "UIViewController+Alert.swift"; sourceTree = "<group>"; };
		F3956ABA2BA9E9A6000DBD1A /* AnyJSON.swift */ = {isa = PBXFileReference; lastKnownFileType = sourcecode.swift; path = AnyJSON.swift; sourceTree = "<group>"; };
		F3956ABC2BA9EDE6000DBD1A /* UserModel.swift */ = {isa = PBXFileReference; lastKnownFileType = sourcecode.swift; path = UserModel.swift; sourceTree = "<group>"; };
		F3956AC22BA9EF82000DBD1A /* LoginData.swift */ = {isa = PBXFileReference; lastKnownFileType = sourcecode.swift; path = LoginData.swift; sourceTree = "<group>"; };
		F3956ACB2BA9F038000DBD1A /* UserService.swift */ = {isa = PBXFileReference; lastKnownFileType = sourcecode.swift; path = UserService.swift; sourceTree = "<group>"; };
		F3956ACD2BA9F1EC000DBD1A /* UserData.swift */ = {isa = PBXFileReference; lastKnownFileType = sourcecode.swift; path = UserData.swift; sourceTree = "<group>"; };
		F3956AD12BA9F5B8000DBD1A /* BaseController.swift */ = {isa = PBXFileReference; lastKnownFileType = sourcecode.swift; path = BaseController.swift; sourceTree = "<group>"; };
		F3956AD62BA9F770000DBD1A /* ProfileController.swift */ = {isa = PBXFileReference; lastKnownFileType = sourcecode.swift; path = ProfileController.swift; sourceTree = "<group>"; };
		F3956AD72BA9F770000DBD1A /* ProfileController.xib */ = {isa = PBXFileReference; lastKnownFileType = file.xib; path = ProfileController.xib; sourceTree = "<group>"; };
		F3956ADB2BA9F791000DBD1A /* DashboardController.swift */ = {isa = PBXFileReference; lastKnownFileType = sourcecode.swift; path = DashboardController.swift; sourceTree = "<group>"; };
		F3956ADC2BA9F791000DBD1A /* DashboardController.xib */ = {isa = PBXFileReference; lastKnownFileType = file.xib; path = DashboardController.xib; sourceTree = "<group>"; };
		F3956AE02BA9F7AD000DBD1A /* InboxController.swift */ = {isa = PBXFileReference; lastKnownFileType = sourcecode.swift; path = InboxController.swift; sourceTree = "<group>"; };
		F3956AE12BA9F7AD000DBD1A /* InboxController.xib */ = {isa = PBXFileReference; lastKnownFileType = file.xib; path = InboxController.xib; sourceTree = "<group>"; };
		F3956AE52BA9F7CD000DBD1A /* LeaveController.swift */ = {isa = PBXFileReference; lastKnownFileType = sourcecode.swift; path = LeaveController.swift; sourceTree = "<group>"; };
		F3956AE62BA9F7CD000DBD1A /* LeaveController.xib */ = {isa = PBXFileReference; lastKnownFileType = file.xib; path = LeaveController.xib; sourceTree = "<group>"; };
		F39ACF822BAA75DF0078A017 /* TitleView.swift */ = {isa = PBXFileReference; lastKnownFileType = sourcecode.swift; path = TitleView.swift; sourceTree = "<group>"; };
		F39ACF832BAA75DF0078A017 /* TitleView.xib */ = {isa = PBXFileReference; lastKnownFileType = file.xib; path = TitleView.xib; sourceTree = "<group>"; };
		F3A74D5D2BA4BC6A00E91DFE /* fyp.app */ = {isa = PBXFileReference; explicitFileType = wrapper.application; includeInIndex = 0; path = fyp.app; sourceTree = BUILT_PRODUCTS_DIR; };
		F3A74D602BA4BC6A00E91DFE /* AppDelegate.swift */ = {isa = PBXFileReference; lastKnownFileType = sourcecode.swift; path = AppDelegate.swift; sourceTree = "<group>"; };
		F3A74D622BA4BC6A00E91DFE /* SceneDelegate.swift */ = {isa = PBXFileReference; lastKnownFileType = sourcecode.swift; path = SceneDelegate.swift; sourceTree = "<group>"; };
		F3A74D692BA4BC6C00E91DFE /* Assets.xcassets */ = {isa = PBXFileReference; lastKnownFileType = folder.assetcatalog; path = Assets.xcassets; sourceTree = "<group>"; };
		F3A74D6C2BA4BC6C00E91DFE /* Base */ = {isa = PBXFileReference; lastKnownFileType = file.storyboard; name = Base; path = Base.lproj/LaunchScreen.storyboard; sourceTree = "<group>"; };
		F3A74D6E2BA4BC6C00E91DFE /* Info.plist */ = {isa = PBXFileReference; lastKnownFileType = text.plist.xml; path = Info.plist; sourceTree = "<group>"; };
/* End PBXFileReference section */

/* Begin PBXFrameworksBuildPhase section */
		F33AA1002BA4BFE000119193 /* Frameworks */ = {
			isa = PBXFrameworksBuildPhase;
			buildActionMask = 2147483647;
			files = (
				C3995F0771EF0F71A4891CF2 /* Pods_fyp_TANetworking.framework in Frameworks */,
			);
			runOnlyForDeploymentPostprocessing = 0;
		};
		F3A74D5A2BA4BC6A00E91DFE /* Frameworks */ = {
			isa = PBXFrameworksBuildPhase;
			buildActionMask = 2147483647;
			files = (
				F015DA87659FB74C22588EE0 /* Pods_fyp.framework in Frameworks */,
				F33AA1092BA4BFE000119193 /* TANetworking.framework in Frameworks */,
			);
			runOnlyForDeploymentPostprocessing = 0;
		};
/* End PBXFrameworksBuildPhase section */

/* Begin PBXGroup section */
		06B2BAEB758D842D8C2BBA04 /* Frameworks */ = {
			isa = PBXGroup;
			children = (
				E0C488B1DF34BC7F9D71777A /* Pods_fyp.framework */,
				30EB8DB9F009CDC13F8FEC0F /* Pods_fyp_TANetworking.framework */,
			);
			name = Frameworks;
			sourceTree = "<group>";
		};
		72C0BA336E05AA26C6B4A675 /* Pods */ = {
			isa = PBXGroup;
			children = (
				DD34DFB863D2FF26F321C19F /* Pods-fyp.debug.xcconfig */,
				CCDA16917C5736AABA612CBB /* Pods-fyp.release.xcconfig */,
				B54E4CD33F81B3EE129F0836 /* Pods-fyp-TANetworking.debug.xcconfig */,
				C99E33E0ACAD03638AB205CE /* Pods-fyp-TANetworking.release.xcconfig */,
			);
			path = Pods;
			sourceTree = "<group>";
		};
		F31733E32BADB4C70018AA05 /* Avatar */ = {
			isa = PBXGroup;
			children = (
				F31733E42BADB4D80018AA05 /* Avatar.swift */,
				F31733E52BADB4D80018AA05 /* Avatar.xib */,
			);
			path = Avatar;
			sourceTree = "<group>";
		};
		F317843D2BAD325F00AD8110 /* viewmodel */ = {
			isa = PBXGroup;
			children = (
				F317843E2BAD328600AD8110 /* UserVM.swift */,
				F31784502BAD3E7500AD8110 /* LeaveVM.swift */,
				F33031542BADC78A0053005D /* ManagerVM.swift */,
			);
			path = viewmodel;
			sourceTree = "<group>";
		};
		F31784402BAD36D100AD8110 /* NavBarView */ = {
			isa = PBXGroup;
			children = (
				F31784412BAD36DF00AD8110 /* NavBarView.swift */,
				F31784422BAD36DF00AD8110 /* NavBarView.xib */,
			);
			path = NavBarView;
			sourceTree = "<group>";
		};
		F31784452BAD38E100AD8110 /* LeaveTypeListView */ = {
			isa = PBXGroup;
			children = (
				F31784462BAD390100AD8110 /* LeaveTypeListView.swift */,
				F31784472BAD390100AD8110 /* LeaveTypeListView.xib */,
				F317844A2BAD390B00AD8110 /* LeaveTypeListItemCell.swift */,
				F317844B2BAD390B00AD8110 /* LeaveTypeListItemCell.xib */,
			);
			path = LeaveTypeListView;
			sourceTree = "<group>";
		};
		F31784522BAD3E7E00AD8110 /* types */ = {
			isa = PBXGroup;
			children = (
				F31784532BAD3E8600AD8110 /* LeaveType.swift */,
				F317845D2BAD479A00AD8110 /* LeaveRequest.swift */,
				F38A71EF2BADB13300A0E12F /* Manager.swift */,
				F38A71F32BADB17B00A0E12F /* ItemGroup.swift */,
				F33031582BADCB0D0053005D /* NetworkTypeProxy.swift */,
			);
			path = types;
			sourceTree = "<group>";
		};
		F317845F2BAD485200AD8110 /* MyLeaveRequestListView */ = {
			isa = PBXGroup;
			children = (
				F31784602BAD486D00AD8110 /* MyLeaveRequestListView.swift */,
				F31784612BAD486D00AD8110 /* MyLeaveRequestListView.xib */,
				F31784642BAD487900AD8110 /* MyLeaveRequestListCell.swift */,
				F31784652BAD487900AD8110 /* MyLeaveRequestListCell.xib */,
			);
			path = MyLeaveRequestListView;
			sourceTree = "<group>";
		};
		F317846A2BAD4EC100AD8110 /* DayView */ = {
			isa = PBXGroup;
			children = (
				F317846B2BAD4ECE00AD8110 /* DayView.swift */,
				F317846C2BAD4ECE00AD8110 /* DayView.xib */,
			);
			path = DayView;
			sourceTree = "<group>";
		};
		F31784712BAD52DD00AD8110 /* LeaveRequest */ = {
			isa = PBXGroup;
			children = (
				F31784722BAD52EB00AD8110 /* LeaveRequestController.swift */,
				F31784732BAD52EB00AD8110 /* LeaveRequestController.xib */,
			);
			path = LeaveRequest;
			sourceTree = "<group>";
		};
		F31784762BAD55DE00AD8110 /* SelectBox */ = {
			isa = PBXGroup;
			children = (
				F31784772BAD55EF00AD8110 /* SelectBox.swift */,
				F31784782BAD55EF00AD8110 /* SelectBox.xib */,
			);
			path = SelectBox;
			sourceTree = "<group>";
		};
		F330314A2BADC0FB0053005D /* DateSelection */ = {
			isa = PBXGroup;
			children = (
				F330314B2BADC1090053005D /* DateSelectionController.swift */,
				F330314C2BADC1090053005D /* DateSelectionController.xib */,
			);
			path = DateSelection;
			sourceTree = "<group>";
		};
		F330314F2BADC10C0053005D /* Selection */ = {
			isa = PBXGroup;
			children = (
				F33031502BADC1180053005D /* SelectionController.swift */,
				F33031512BADC1180053005D /* SelectionController.xib */,
			);
			path = Selection;
			sourceTree = "<group>";
		};
		F33AA1042BA4BFE000119193 /* TANetworking */ = {
			isa = PBXGroup;
			children = (
				F3956AC42BA9EFB8000DBD1A /* ext */,
				F33AA10F2BA4C01100119193 /* src */,
				F33AA1052BA4BFE000119193 /* TANetworking.h */,
			);
			path = TANetworking;
			sourceTree = "<group>";
		};
		F33AA10F2BA4C01100119193 /* src */ = {
			isa = PBXGroup;
			children = (
				F3956AC12BA9EF7A000DBD1A /* data */,
				F33AA1102BA4C03200119193 /* Config.swift */,
				F3956AB12BA9E3D3000DBD1A /* LoginService.swift */,
				F3956ACB2BA9F038000DBD1A /* UserService.swift */,
				F31784552BAD3ED000AD8110 /* LeaveService.swift */,
			);
			path = src;
			sourceTree = "<group>";
		};
		F33AA1142BA4C16800119193 /* app */ = {
			isa = PBXGroup;
			children = (
				F3A74D622BA4BC6A00E91DFE /* SceneDelegate.swift */,
				F3A74D602BA4BC6A00E91DFE /* AppDelegate.swift */,
			);
			path = app;
			sourceTree = "<group>";
		};
		F33AA1152BA4C16C00119193 /* src */ = {
			isa = PBXGroup;
			children = (
				F317843D2BAD325F00AD8110 /* viewmodel */,
				F33AA1182BA4C27800119193 /* controller */,
				F33AA1172BA4C27400119193 /* view */,
				F33AA1162BA4C26B00119193 /* model */,
			);
			path = src;
			sourceTree = "<group>";
		};
		F33AA1162BA4C26B00119193 /* model */ = {
			isa = PBXGroup;
			children = (
				F31784522BAD3E7E00AD8110 /* types */,
				F3956AB32BA9E474000DBD1A /* LoginModel.swift */,
				F3956ABC2BA9EDE6000DBD1A /* UserModel.swift */,
			);
			path = model;
			sourceTree = "<group>";
		};
		F33AA1172BA4C27400119193 /* view */ = {
			isa = PBXGroup;
			children = (
				F31733E32BADB4C70018AA05 /* Avatar */,
				F38A71EA2BADB0F200A0E12F /* ManagerSelectionCell */,
				F38A71DB2BAD58F400A0E12F /* TextBox */,
				F31784762BAD55DE00AD8110 /* SelectBox */,
				F317846A2BAD4EC100AD8110 /* DayView */,
				F317845F2BAD485200AD8110 /* MyLeaveRequestListView */,
				F31784452BAD38E100AD8110 /* LeaveTypeListView */,
				F31784402BAD36D100AD8110 /* NavBarView */,
				F39ACF812BAA75D10078A017 /* TitleView */,
				F3956AAE2BA9A2AD000DBD1A /* FilledButton */,
				F3956AA92BA9A014000DBD1A /* CheckBox */,
				F3956AA42BA994F8000DBD1A /* TextField */,
			);
			path = view;
			sourceTree = "<group>";
		};
		F33AA1182BA4C27800119193 /* controller */ = {
			isa = PBXGroup;
			children = (
				F330314F2BADC10C0053005D /* Selection */,
				F330314A2BADC0FB0053005D /* DateSelection */,
				F38A71E52BADB0BC00A0E12F /* ManagerSelection */,
				F38A71E02BAD9BF900A0E12F /* LeaveRequestDetail */,
				F31784712BAD52DD00AD8110 /* LeaveRequest */,
				F3956AE42BA9F7BE000DBD1A /* Leave */,
				F3956ADF2BA9F7A1000DBD1A /* Inbox */,
				F3956ADA2BA9F786000DBD1A /* Dashboard */,
				F3956AD52BA9F6D9000DBD1A /* ProfileController */,
				F3956AD02BA9F5A0000DBD1A /* BaseController */,
				F33AA11E2BA4C2E400119193 /* SplashController */,
				F33AA1192BA4C28500119193 /* LoginController */,
			);
			path = controller;
			sourceTree = "<group>";
		};
		F33AA1192BA4C28500119193 /* LoginController */ = {
			isa = PBXGroup;
			children = (
				F33AA11A2BA4C2B100119193 /* LoginController.swift */,
				F33AA11B2BA4C2B100119193 /* LoginController.xib */,
			);
			path = LoginController;
			sourceTree = "<group>";
		};
		F33AA11E2BA4C2E400119193 /* SplashController */ = {
			isa = PBXGroup;
			children = (
				F33AA11F2BA4C2F400119193 /* SplashController.swift */,
				F33AA1202BA4C2F400119193 /* SplashController.xib */,
			);
			path = SplashController;
			sourceTree = "<group>";
		};
		F38A71DB2BAD58F400A0E12F /* TextBox */ = {
			isa = PBXGroup;
			children = (
				F38A71DC2BAD58FF00A0E12F /* TextBox.swift */,
				F38A71DD2BAD58FF00A0E12F /* TextBox.xib */,
			);
			path = TextBox;
			sourceTree = "<group>";
		};
		F38A71E02BAD9BF900A0E12F /* LeaveRequestDetail */ = {
			isa = PBXGroup;
			children = (
				F38A71E12BAD9C0B00A0E12F /* LeaveRequestDetailController.swift */,
				F38A71E22BAD9C0B00A0E12F /* LeaveRequestDetailController.xib */,
			);
			path = LeaveRequestDetail;
			sourceTree = "<group>";
		};
		F38A71E52BADB0BC00A0E12F /* ManagerSelection */ = {
			isa = PBXGroup;
			children = (
				F38A71E62BADB0EE00A0E12F /* ManagerSelectionController.swift */,
				F38A71E72BADB0EE00A0E12F /* ManagerSelectionController.xib */,
			);
			path = ManagerSelection;
			sourceTree = "<group>";
		};
		F38A71EA2BADB0F200A0E12F /* ManagerSelectionCell */ = {
			isa = PBXGroup;
			children = (
				F38A71EB2BADB10800A0E12F /* ManagerSelectionCell.swift */,
				F38A71EC2BADB10800A0E12F /* ManagerSelectionCell.xib */,
			);
			path = ManagerSelectionCell;
			sourceTree = "<group>";
		};
		F3956A722BA98FB0000DBD1A /* resource */ = {
			isa = PBXGroup;
			children = (
				F3956A732BA98FC6000DBD1A /* fonts */,
			);
			path = resource;
			sourceTree = "<group>";
		};
		F3956A732BA98FC6000DBD1A /* fonts */ = {
			isa = PBXGroup;
			children = (
				F3956A892BA9901E000DBD1A /* Inter */,
			);
			path = fonts;
			sourceTree = "<group>";
		};
		F3956A892BA9901E000DBD1A /* Inter */ = {
			isa = PBXGroup;
			children = (
				F3956A8A2BA9901E000DBD1A /* Inter-Medium.ttf */,
				F3956A8B2BA9901E000DBD1A /* Inter-Light.ttf */,
				F3956A8C2BA9901E000DBD1A /* Inter-Thin.ttf */,
				F3956A8D2BA9901E000DBD1A /* Inter-Bold.ttf */,
				F3956A8E2BA9901E000DBD1A /* Inter-Regular.ttf */,
				F3956A8F2BA9901E000DBD1A /* Inter-ExtraBold.ttf */,
				F3956A902BA9901E000DBD1A /* OFL.txt */,
				F3956A912BA9901E000DBD1A /* Inter-ExtraLight.ttf */,
				F3956A922BA9901E000DBD1A /* Inter-Black.ttf */,
				F3956A932BA9901E000DBD1A /* Inter-SemiBold.ttf */,
			);
			path = Inter;
			sourceTree = "<group>";
		};
		F3956A9E2BA99219000DBD1A /* extensions */ = {
			isa = PBXGroup;
			children = (
				F3956A702BA98CFD000DBD1A /* UIApplication+Ext.swift */,
				F3956A9F2BA99229000DBD1A /* UIView+Ext.swift */,
				F3956AA12BA99309000DBD1A /* NibLoadable.swift */,
				F3956AB72BA9E54D000DBD1A /* UIViewController+Alert.swift */,
				F317844E2BAD3AD400AD8110 /* UICollectionView+Ext.swift */,
				F31784592BAD43BD00AD8110 /* +Ext.swift */,
				F31784682BAD492400AD8110 /* UITableView+Ext.swift */,
				F317846F2BAD526D00AD8110 /* UIViewController+Ext.swift */,
			);
			path = extensions;
			sourceTree = "<group>";
		};
		F3956AA42BA994F8000DBD1A /* TextField */ = {
			isa = PBXGroup;
			children = (
				F3956AA52BA99540000DBD1A /* TextField.swift */,
				F3956AA62BA99540000DBD1A /* TextField.xib */,
			);
			path = TextField;
			sourceTree = "<group>";
		};
		F3956AA92BA9A014000DBD1A /* CheckBox */ = {
			isa = PBXGroup;
			children = (
				F3956AAA2BA9A027000DBD1A /* CheckBox.swift */,
				F3956AAB2BA9A027000DBD1A /* CheckBox.xib */,
			);
			path = CheckBox;
			sourceTree = "<group>";
		};
		F3956AAE2BA9A2AD000DBD1A /* FilledButton */ = {
			isa = PBXGroup;
			children = (
				F3956AAF2BA9A2EE000DBD1A /* FilledButton.swift */,
			);
			path = FilledButton;
			sourceTree = "<group>";
		};
		F3956AB92BA9E979000DBD1A /* lib */ = {
			isa = PBXGroup;
			children = (
				F3956ABA2BA9E9A6000DBD1A /* AnyJSON.swift */,
			);
			path = lib;
			sourceTree = "<group>";
		};
		F3956AC12BA9EF7A000DBD1A /* data */ = {
			isa = PBXGroup;
			children = (
				F3956AC22BA9EF82000DBD1A /* LoginData.swift */,
				F3956ACD2BA9F1EC000DBD1A /* UserData.swift */,
				F31784572BAD3F6A00AD8110 /* LeaveBalanceData.swift */,
				F317845B2BAD46FA00AD8110 /* LeaveRequestData.swift */,
				F33031562BADC8D20053005D /* ManagerData.swift */,
			);
			path = data;
			sourceTree = "<group>";
		};
		F3956AC42BA9EFB8000DBD1A /* ext */ = {
			isa = PBXGroup;
			children = (
				F3956AB52BA9E50C000DBD1A /* String+Error.swift */,
			);
			path = ext;
			sourceTree = "<group>";
		};
		F3956AD02BA9F5A0000DBD1A /* BaseController */ = {
			isa = PBXGroup;
			children = (
				F3956AD12BA9F5B8000DBD1A /* BaseController.swift */,
			);
			path = BaseController;
			sourceTree = "<group>";
		};
		F3956AD52BA9F6D9000DBD1A /* ProfileController */ = {
			isa = PBXGroup;
			children = (
				F3956AD62BA9F770000DBD1A /* ProfileController.swift */,
				F3956AD72BA9F770000DBD1A /* ProfileController.xib */,
			);
			path = ProfileController;
			sourceTree = "<group>";
		};
		F3956ADA2BA9F786000DBD1A /* Dashboard */ = {
			isa = PBXGroup;
			children = (
				F3956ADB2BA9F791000DBD1A /* DashboardController.swift */,
				F3956ADC2BA9F791000DBD1A /* DashboardController.xib */,
			);
			path = Dashboard;
			sourceTree = "<group>";
		};
		F3956ADF2BA9F7A1000DBD1A /* Inbox */ = {
			isa = PBXGroup;
			children = (
				F3956AE02BA9F7AD000DBD1A /* InboxController.swift */,
				F3956AE12BA9F7AD000DBD1A /* InboxController.xib */,
			);
			path = Inbox;
			sourceTree = "<group>";
		};
		F3956AE42BA9F7BE000DBD1A /* Leave */ = {
			isa = PBXGroup;
			children = (
				F3956AE52BA9F7CD000DBD1A /* LeaveController.swift */,
				F3956AE62BA9F7CD000DBD1A /* LeaveController.xib */,
			);
			path = Leave;
			sourceTree = "<group>";
		};
		F39ACF812BAA75D10078A017 /* TitleView */ = {
			isa = PBXGroup;
			children = (
				F39ACF822BAA75DF0078A017 /* TitleView.swift */,
				F39ACF832BAA75DF0078A017 /* TitleView.xib */,
			);
			path = TitleView;
			sourceTree = "<group>";
		};
		F3A74D542BA4BC6A00E91DFE = {
			isa = PBXGroup;
			children = (
				F3A74D5F2BA4BC6A00E91DFE /* fyp */,
				F33AA1042BA4BFE000119193 /* TANetworking */,
				F3A74D5E2BA4BC6A00E91DFE /* Products */,
				72C0BA336E05AA26C6B4A675 /* Pods */,
				06B2BAEB758D842D8C2BBA04 /* Frameworks */,
			);
			sourceTree = "<group>";
		};
		F3A74D5E2BA4BC6A00E91DFE /* Products */ = {
			isa = PBXGroup;
			children = (
				F3A74D5D2BA4BC6A00E91DFE /* fyp.app */,
				F33AA1032BA4BFE000119193 /* TANetworking.framework */,
			);
			name = Products;
			sourceTree = "<group>";
		};
		F3A74D5F2BA4BC6A00E91DFE /* fyp */ = {
			isa = PBXGroup;
			children = (
				F3956A9E2BA99219000DBD1A /* extensions */,
				F3956AB92BA9E979000DBD1A /* lib */,
				F3956A722BA98FB0000DBD1A /* resource */,
				F33AA1152BA4C16C00119193 /* src */,
				F33AA1142BA4C16800119193 /* app */,
				F3A74D692BA4BC6C00E91DFE /* Assets.xcassets */,
				F3A74D6B2BA4BC6C00E91DFE /* LaunchScreen.storyboard */,
				F3A74D6E2BA4BC6C00E91DFE /* Info.plist */,
				F33AA1122BA4C16000119193 /* main.swift */,
			);
			path = fyp;
			sourceTree = "<group>";
		};
/* End PBXGroup section */

/* Begin PBXHeadersBuildPhase section */
		F33AA0FE2BA4BFE000119193 /* Headers */ = {
			isa = PBXHeadersBuildPhase;
			buildActionMask = 2147483647;
			files = (
				F33AA1062BA4BFE000119193 /* TANetworking.h in Headers */,
			);
			runOnlyForDeploymentPostprocessing = 0;
		};
/* End PBXHeadersBuildPhase section */

/* Begin PBXNativeTarget section */
		F33AA1022BA4BFE000119193 /* TANetworking */ = {
			isa = PBXNativeTarget;
			buildConfigurationList = F33AA10B2BA4BFE000119193 /* Build configuration list for PBXNativeTarget "TANetworking" */;
			buildPhases = (
				84275AA836E642CBEE0F1127 /* [CP] Check Pods Manifest.lock */,
				F33AA0FE2BA4BFE000119193 /* Headers */,
				F33AA0FF2BA4BFE000119193 /* Sources */,
				F33AA1002BA4BFE000119193 /* Frameworks */,
				F33AA1012BA4BFE000119193 /* Resources */,
			);
			buildRules = (
			);
			dependencies = (
			);
			name = TANetworking;
			productName = TANetworking;
			productReference = F33AA1032BA4BFE000119193 /* TANetworking.framework */;
			productType = "com.apple.product-type.framework";
		};
		F3A74D5C2BA4BC6A00E91DFE /* fyp */ = {
			isa = PBXNativeTarget;
			buildConfigurationList = F3A74D712BA4BC6C00E91DFE /* Build configuration list for PBXNativeTarget "fyp" */;
			buildPhases = (
				1D691E865E89A1EA4F0BC506 /* [CP] Check Pods Manifest.lock */,
				F3A74D592BA4BC6A00E91DFE /* Sources */,
				F3A74D5A2BA4BC6A00E91DFE /* Frameworks */,
				F3A74D5B2BA4BC6A00E91DFE /* Resources */,
				6CCF52F8982A845E4635749D /* [CP] Embed Pods Frameworks */,
				F33AA10E2BA4BFE000119193 /* Embed Frameworks */,
			);
			buildRules = (
			);
			dependencies = (
				F33AA1082BA4BFE000119193 /* PBXTargetDependency */,
			);
			name = fyp;
			productName = fyp;
			productReference = F3A74D5D2BA4BC6A00E91DFE /* fyp.app */;
			productType = "com.apple.product-type.application";
		};
/* End PBXNativeTarget section */

/* Begin PBXProject section */
		F3A74D552BA4BC6A00E91DFE /* Project object */ = {
			isa = PBXProject;
			attributes = {
				BuildIndependentTargetsInParallel = 1;
				LastSwiftUpdateCheck = 1520;
				LastUpgradeCheck = 1520;
				TargetAttributes = {
					F33AA1022BA4BFE000119193 = {
						CreatedOnToolsVersion = 15.2;
						LastSwiftMigration = 1520;
					};
					F3A74D5C2BA4BC6A00E91DFE = {
						CreatedOnToolsVersion = 15.2;
					};
				};
			};
			buildConfigurationList = F3A74D582BA4BC6A00E91DFE /* Build configuration list for PBXProject "fyp" */;
			compatibilityVersion = "Xcode 14.0";
			developmentRegion = en;
			hasScannedForEncodings = 0;
			knownRegions = (
				en,
				Base,
			);
			mainGroup = F3A74D542BA4BC6A00E91DFE;
			productRefGroup = F3A74D5E2BA4BC6A00E91DFE /* Products */;
			projectDirPath = "";
			projectRoot = "";
			targets = (
				F3A74D5C2BA4BC6A00E91DFE /* fyp */,
				F33AA1022BA4BFE000119193 /* TANetworking */,
			);
		};
/* End PBXProject section */

/* Begin PBXResourcesBuildPhase section */
		F33AA1012BA4BFE000119193 /* Resources */ = {
			isa = PBXResourcesBuildPhase;
			buildActionMask = 2147483647;
			files = (
			);
			runOnlyForDeploymentPostprocessing = 0;
		};
		F3A74D5B2BA4BC6A00E91DFE /* Resources */ = {
			isa = PBXResourcesBuildPhase;
			buildActionMask = 2147483647;
			files = (
				F33AA1222BA4C2F400119193 /* SplashController.xib in Resources */,
				F3956A992BA9901E000DBD1A /* Inter-ExtraBold.ttf in Resources */,
				F3956ADE2BA9F791000DBD1A /* DashboardController.xib in Resources */,
				F317847A2BAD55EF00AD8110 /* SelectBox.xib in Resources */,
				F3A74D6D2BA4BC6C00E91DFE /* LaunchScreen.storyboard in Resources */,
				F317846E2BAD4ECE00AD8110 /* DayView.xib in Resources */,
				F38A71EE2BADB10800A0E12F /* ManagerSelectionCell.xib in Resources */,
				F3956A9D2BA9901E000DBD1A /* Inter-SemiBold.ttf in Resources */,
				F31784632BAD486D00AD8110 /* MyLeaveRequestListView.xib in Resources */,
				F3956A942BA9901E000DBD1A /* Inter-Medium.ttf in Resources */,
				F3956A9B2BA9901E000DBD1A /* Inter-ExtraLight.ttf in Resources */,
				F31784752BAD52EB00AD8110 /* LeaveRequestController.xib in Resources */,
				F3956A972BA9901E000DBD1A /* Inter-Bold.ttf in Resources */,
				F39ACF852BAA75DF0078A017 /* TitleView.xib in Resources */,
				F3956AA82BA99540000DBD1A /* TextField.xib in Resources */,
				F31784672BAD487900AD8110 /* MyLeaveRequestListCell.xib in Resources */,
				F31733E72BADB4D80018AA05 /* Avatar.xib in Resources */,
				F31784442BAD36DF00AD8110 /* NavBarView.xib in Resources */,
				F38A71DF2BAD58FF00A0E12F /* TextBox.xib in Resources */,
				F3956AE82BA9F7CD000DBD1A /* LeaveController.xib in Resources */,
				F317844D2BAD390B00AD8110 /* LeaveTypeListItemCell.xib in Resources */,
				F33AA11D2BA4C2B100119193 /* LoginController.xib in Resources */,
				F38A71E92BADB0EE00A0E12F /* ManagerSelectionController.xib in Resources */,
				F3956A9A2BA9901E000DBD1A /* OFL.txt in Resources */,
				F3956AD92BA9F770000DBD1A /* ProfileController.xib in Resources */,
				F330314E2BADC1090053005D /* DateSelectionController.xib in Resources */,
				F3956A962BA9901E000DBD1A /* Inter-Thin.ttf in Resources */,
				F3956A982BA9901E000DBD1A /* Inter-Regular.ttf in Resources */,
				F3A74D6A2BA4BC6C00E91DFE /* Assets.xcassets in Resources */,
				F3956A952BA9901E000DBD1A /* Inter-Light.ttf in Resources */,
				F3956AE32BA9F7AD000DBD1A /* InboxController.xib in Resources */,
				F3956A9C2BA9901E000DBD1A /* Inter-Black.ttf in Resources */,
				F38A71E42BAD9C0B00A0E12F /* LeaveRequestDetailController.xib in Resources */,
				F31784492BAD390100AD8110 /* LeaveTypeListView.xib in Resources */,
				F33031532BADC1180053005D /* SelectionController.xib in Resources */,
				F3956AAD2BA9A027000DBD1A /* CheckBox.xib in Resources */,
			);
			runOnlyForDeploymentPostprocessing = 0;
		};
/* End PBXResourcesBuildPhase section */

/* Begin PBXShellScriptBuildPhase section */
		1D691E865E89A1EA4F0BC506 /* [CP] Check Pods Manifest.lock */ = {
			isa = PBXShellScriptBuildPhase;
			buildActionMask = 2147483647;
			files = (
			);
			inputFileListPaths = (
			);
			inputPaths = (
				"${PODS_PODFILE_DIR_PATH}/Podfile.lock",
				"${PODS_ROOT}/Manifest.lock",
			);
			name = "[CP] Check Pods Manifest.lock";
			outputFileListPaths = (
			);
			outputPaths = (
				"$(DERIVED_FILE_DIR)/Pods-fyp-checkManifestLockResult.txt",
			);
			runOnlyForDeploymentPostprocessing = 0;
			shellPath = /bin/sh;
			shellScript = "diff \"${PODS_PODFILE_DIR_PATH}/Podfile.lock\" \"${PODS_ROOT}/Manifest.lock\" > /dev/null\nif [ $? != 0 ] ; then\n    # print error to STDERR\n    echo \"error: The sandbox is not in sync with the Podfile.lock. Run 'pod install' or update your CocoaPods installation.\" >&2\n    exit 1\nfi\n# This output is used by Xcode 'outputs' to avoid re-running this script phase.\necho \"SUCCESS\" > \"${SCRIPT_OUTPUT_FILE_0}\"\n";
			showEnvVarsInLog = 0;
		};
		6CCF52F8982A845E4635749D /* [CP] Embed Pods Frameworks */ = {
			isa = PBXShellScriptBuildPhase;
			buildActionMask = 2147483647;
			files = (
			);
			inputFileListPaths = (
				"${PODS_ROOT}/Target Support Files/Pods-fyp/Pods-fyp-frameworks-${CONFIGURATION}-input-files.xcfilelist",
			);
			name = "[CP] Embed Pods Frameworks";
			outputFileListPaths = (
				"${PODS_ROOT}/Target Support Files/Pods-fyp/Pods-fyp-frameworks-${CONFIGURATION}-output-files.xcfilelist",
			);
			runOnlyForDeploymentPostprocessing = 0;
			shellPath = /bin/sh;
			shellScript = "\"${PODS_ROOT}/Target Support Files/Pods-fyp/Pods-fyp-frameworks.sh\"\n";
			showEnvVarsInLog = 0;
		};
		84275AA836E642CBEE0F1127 /* [CP] Check Pods Manifest.lock */ = {
			isa = PBXShellScriptBuildPhase;
			buildActionMask = 2147483647;
			files = (
			);
			inputFileListPaths = (
			);
			inputPaths = (
				"${PODS_PODFILE_DIR_PATH}/Podfile.lock",
				"${PODS_ROOT}/Manifest.lock",
			);
			name = "[CP] Check Pods Manifest.lock";
			outputFileListPaths = (
			);
			outputPaths = (
				"$(DERIVED_FILE_DIR)/Pods-fyp-TANetworking-checkManifestLockResult.txt",
			);
			runOnlyForDeploymentPostprocessing = 0;
			shellPath = /bin/sh;
			shellScript = "diff \"${PODS_PODFILE_DIR_PATH}/Podfile.lock\" \"${PODS_ROOT}/Manifest.lock\" > /dev/null\nif [ $? != 0 ] ; then\n    # print error to STDERR\n    echo \"error: The sandbox is not in sync with the Podfile.lock. Run 'pod install' or update your CocoaPods installation.\" >&2\n    exit 1\nfi\n# This output is used by Xcode 'outputs' to avoid re-running this script phase.\necho \"SUCCESS\" > \"${SCRIPT_OUTPUT_FILE_0}\"\n";
			showEnvVarsInLog = 0;
		};
/* End PBXShellScriptBuildPhase section */

/* Begin PBXSourcesBuildPhase section */
		F33AA0FF2BA4BFE000119193 /* Sources */ = {
			isa = PBXSourcesBuildPhase;
			buildActionMask = 2147483647;
			files = (
				F31784562BAD3ED000AD8110 /* LeaveService.swift in Sources */,
				F3956ACE2BA9F1EC000DBD1A /* UserData.swift in Sources */,
				F33AA1112BA4C03200119193 /* Config.swift in Sources */,
				F3956ACC2BA9F038000DBD1A /* UserService.swift in Sources */,
				F3956ACA2BA9EFEB000DBD1A /* String+Error.swift in Sources */,
				F33031572BADC8D20053005D /* ManagerData.swift in Sources */,
				F3956AB22BA9E3D3000DBD1A /* LoginService.swift in Sources */,
				F317845C2BAD46FA00AD8110 /* LeaveRequestData.swift in Sources */,
				F31784582BAD3F6A00AD8110 /* LeaveBalanceData.swift in Sources */,
				F3956AC32BA9EF82000DBD1A /* LoginData.swift in Sources */,
			);
			runOnlyForDeploymentPostprocessing = 0;
		};
		F3A74D592BA4BC6A00E91DFE /* Sources */ = {
			isa = PBXSourcesBuildPhase;
			buildActionMask = 2147483647;
			files = (
				F33031552BADC78A0053005D /* ManagerVM.swift in Sources */,
				F31784692BAD492400AD8110 /* UITableView+Ext.swift in Sources */,
				F38A71E32BAD9C0B00A0E12F /* LeaveRequestDetailController.swift in Sources */,
				F3956AD32BA9F5B8000DBD1A /* BaseController.swift in Sources */,
				F330314D2BADC1090053005D /* DateSelectionController.swift in Sources */,
				F31784702BAD526D00AD8110 /* UIViewController+Ext.swift in Sources */,
				F3956ABB2BA9E9A6000DBD1A /* AnyJSON.swift in Sources */,
				F31784512BAD3E7500AD8110 /* LeaveVM.swift in Sources */,
				F31784742BAD52EB00AD8110 /* LeaveRequestController.swift in Sources */,
				F3A74D612BA4BC6A00E91DFE /* AppDelegate.swift in Sources */,
				F3956AB42BA9E474000DBD1A /* LoginModel.swift in Sources */,
				F3956ADD2BA9F791000DBD1A /* DashboardController.swift in Sources */,
				F317843F2BAD328600AD8110 /* UserVM.swift in Sources */,
				F33AA1212BA4C2F400119193 /* SplashController.swift in Sources */,
				F38A71ED2BADB10800A0E12F /* ManagerSelectionCell.swift in Sources */,
				F31784432BAD36DF00AD8110 /* NavBarView.swift in Sources */,
				F31784482BAD390100AD8110 /* LeaveTypeListView.swift in Sources */,
				F38A71F42BADB17B00A0E12F /* ItemGroup.swift in Sources */,
				F31784792BAD55EF00AD8110 /* SelectBox.swift in Sources */,
				F38A71DE2BAD58FF00A0E12F /* TextBox.swift in Sources */,
				F3956AAC2BA9A027000DBD1A /* CheckBox.swift in Sources */,
				F3956AA22BA99309000DBD1A /* NibLoadable.swift in Sources */,
				F317844C2BAD390B00AD8110 /* LeaveTypeListItemCell.swift in Sources */,
				F3956AB02BA9A2EE000DBD1A /* FilledButton.swift in Sources */,
				F3956AE72BA9F7CD000DBD1A /* LeaveController.swift in Sources */,
				F31784662BAD487900AD8110 /* MyLeaveRequestListCell.swift in Sources */,
				F317845E2BAD479A00AD8110 /* LeaveRequest.swift in Sources */,
				F3956A712BA98CFD000DBD1A /* UIApplication+Ext.swift in Sources */,
				F38A71F02BADB13300A0E12F /* Manager.swift in Sources */,
				F38A71E82BADB0EE00A0E12F /* ManagerSelectionController.swift in Sources */,
				F3956AA72BA99540000DBD1A /* TextField.swift in Sources */,
				F33031592BADCB0D0053005D /* NetworkTypeProxy.swift in Sources */,
				F33AA1132BA4C16000119193 /* main.swift in Sources */,
				F31733E62BADB4D80018AA05 /* Avatar.swift in Sources */,
				F33031522BADC1180053005D /* SelectionController.swift in Sources */,
				F3A74D632BA4BC6A00E91DFE /* SceneDelegate.swift in Sources */,
				F3956AE22BA9F7AD000DBD1A /* InboxController.swift in Sources */,
				F3956AA02BA99229000DBD1A /* UIView+Ext.swift in Sources */,
				F31784542BAD3E8600AD8110 /* LeaveType.swift in Sources */,
				F317845A2BAD43BD00AD8110 /* +Ext.swift in Sources */,
				F3956ABD2BA9EDE6000DBD1A /* UserModel.swift in Sources */,
				F39ACF842BAA75DF0078A017 /* TitleView.swift in Sources */,
				F33AA11C2BA4C2B100119193 /* LoginController.swift in Sources */,
				F3956AB82BA9E54D000DBD1A /* UIViewController+Alert.swift in Sources */,
				F317844F2BAD3AD400AD8110 /* UICollectionView+Ext.swift in Sources */,
				F317846D2BAD4ECE00AD8110 /* DayView.swift in Sources */,
				F3956AD82BA9F770000DBD1A /* ProfileController.swift in Sources */,
				F31784622BAD486D00AD8110 /* MyLeaveRequestListView.swift in Sources */,
			);
			runOnlyForDeploymentPostprocessing = 0;
		};
/* End PBXSourcesBuildPhase section */

/* Begin PBXTargetDependency section */
		F33AA1082BA4BFE000119193 /* PBXTargetDependency */ = {
			isa = PBXTargetDependency;
			target = F33AA1022BA4BFE000119193 /* TANetworking */;
			targetProxy = F33AA1072BA4BFE000119193 /* PBXContainerItemProxy */;
		};
/* End PBXTargetDependency section */

/* Begin PBXVariantGroup section */
		F3A74D6B2BA4BC6C00E91DFE /* LaunchScreen.storyboard */ = {
			isa = PBXVariantGroup;
			children = (
				F3A74D6C2BA4BC6C00E91DFE /* Base */,
			);
			name = LaunchScreen.storyboard;
			sourceTree = "<group>";
		};
/* End PBXVariantGroup section */

/* Begin XCBuildConfiguration section */
		F33AA10C2BA4BFE000119193 /* Debug */ = {
			isa = XCBuildConfiguration;
			baseConfigurationReference = B54E4CD33F81B3EE129F0836 /* Pods-fyp-TANetworking.debug.xcconfig */;
			buildSettings = {
				CLANG_ENABLE_MODULES = YES;
				CODE_SIGN_IDENTITY = "Apple Development";
				CODE_SIGN_STYLE = Automatic;
				CURRENT_PROJECT_VERSION = 1;
				DEFINES_MODULE = YES;
				DEVELOPMENT_TEAM = WXE55A32E5;
				DYLIB_COMPATIBILITY_VERSION = 1;
				DYLIB_CURRENT_VERSION = 1;
				DYLIB_INSTALL_NAME_BASE = "@rpath";
				ENABLE_MODULE_VERIFIER = YES;
				GENERATE_INFOPLIST_FILE = YES;
				INFOPLIST_KEY_NSHumanReadableCopyright = "";
				INSTALL_PATH = "$(LOCAL_LIBRARY_DIR)/Frameworks";
				LD_RUNPATH_SEARCH_PATHS = (
					"$(inherited)",
					"@executable_path/Frameworks",
					"@loader_path/Frameworks",
				);
				MARKETING_VERSION = 1.0;
				MODULE_VERIFIER_SUPPORTED_LANGUAGES = "objective-c objective-c++";
				MODULE_VERIFIER_SUPPORTED_LANGUAGE_STANDARDS = "gnu17 gnu++20";
				PRODUCT_BUNDLE_IDENTIFIER = com.ta1458z.TANetworking;
				PRODUCT_NAME = "$(TARGET_NAME:c99extidentifier)";
				SKIP_INSTALL = YES;
				SWIFT_EMIT_LOC_STRINGS = YES;
				SWIFT_OPTIMIZATION_LEVEL = "-Onone";
				SWIFT_VERSION = 5.0;
				TARGETED_DEVICE_FAMILY = "1,2";
				VERSIONING_SYSTEM = "apple-generic";
				VERSION_INFO_PREFIX = "";
			};
			name = Debug;
		};
		F33AA10D2BA4BFE000119193 /* Release */ = {
			isa = XCBuildConfiguration;
			baseConfigurationReference = C99E33E0ACAD03638AB205CE /* Pods-fyp-TANetworking.release.xcconfig */;
			buildSettings = {
				CLANG_ENABLE_MODULES = YES;
				CODE_SIGN_IDENTITY = "Apple Development";
				CODE_SIGN_STYLE = Automatic;
				CURRENT_PROJECT_VERSION = 1;
				DEFINES_MODULE = YES;
				DEVELOPMENT_TEAM = WXE55A32E5;
				DYLIB_COMPATIBILITY_VERSION = 1;
				DYLIB_CURRENT_VERSION = 1;
				DYLIB_INSTALL_NAME_BASE = "@rpath";
				ENABLE_MODULE_VERIFIER = YES;
				GENERATE_INFOPLIST_FILE = YES;
				INFOPLIST_KEY_NSHumanReadableCopyright = "";
				INSTALL_PATH = "$(LOCAL_LIBRARY_DIR)/Frameworks";
				LD_RUNPATH_SEARCH_PATHS = (
					"$(inherited)",
					"@executable_path/Frameworks",
					"@loader_path/Frameworks",
				);
				MARKETING_VERSION = 1.0;
				MODULE_VERIFIER_SUPPORTED_LANGUAGES = "objective-c objective-c++";
				MODULE_VERIFIER_SUPPORTED_LANGUAGE_STANDARDS = "gnu17 gnu++20";
				PRODUCT_BUNDLE_IDENTIFIER = com.ta1458z.TANetworking;
				PRODUCT_NAME = "$(TARGET_NAME:c99extidentifier)";
				SKIP_INSTALL = YES;
				SWIFT_EMIT_LOC_STRINGS = YES;
				SWIFT_VERSION = 5.0;
				TARGETED_DEVICE_FAMILY = "1,2";
				VERSIONING_SYSTEM = "apple-generic";
				VERSION_INFO_PREFIX = "";
			};
			name = Release;
		};
		F3A74D6F2BA4BC6C00E91DFE /* Debug */ = {
			isa = XCBuildConfiguration;
			buildSettings = {
				ALWAYS_SEARCH_USER_PATHS = NO;
				ASSETCATALOG_COMPILER_GENERATE_SWIFT_ASSET_SYMBOL_EXTENSIONS = YES;
				CLANG_ANALYZER_NONNULL = YES;
				CLANG_ANALYZER_NUMBER_OBJECT_CONVERSION = YES_AGGRESSIVE;
				CLANG_CXX_LANGUAGE_STANDARD = "gnu++20";
				CLANG_ENABLE_MODULES = YES;
				CLANG_ENABLE_OBJC_ARC = YES;
				CLANG_ENABLE_OBJC_WEAK = YES;
				CLANG_WARN_BLOCK_CAPTURE_AUTORELEASING = YES;
				CLANG_WARN_BOOL_CONVERSION = YES;
				CLANG_WARN_COMMA = YES;
				CLANG_WARN_CONSTANT_CONVERSION = YES;
				CLANG_WARN_DEPRECATED_OBJC_IMPLEMENTATIONS = YES;
				CLANG_WARN_DIRECT_OBJC_ISA_USAGE = YES_ERROR;
				CLANG_WARN_DOCUMENTATION_COMMENTS = YES;
				CLANG_WARN_EMPTY_BODY = YES;
				CLANG_WARN_ENUM_CONVERSION = YES;
				CLANG_WARN_INFINITE_RECURSION = YES;
				CLANG_WARN_INT_CONVERSION = YES;
				CLANG_WARN_NON_LITERAL_NULL_CONVERSION = YES;
				CLANG_WARN_OBJC_IMPLICIT_RETAIN_SELF = YES;
				CLANG_WARN_OBJC_LITERAL_CONVERSION = YES;
				CLANG_WARN_OBJC_ROOT_CLASS = YES_ERROR;
				CLANG_WARN_QUOTED_INCLUDE_IN_FRAMEWORK_HEADER = YES;
				CLANG_WARN_RANGE_LOOP_ANALYSIS = YES;
				CLANG_WARN_STRICT_PROTOTYPES = YES;
				CLANG_WARN_SUSPICIOUS_MOVE = YES;
				CLANG_WARN_UNGUARDED_AVAILABILITY = YES_AGGRESSIVE;
				CLANG_WARN_UNREACHABLE_CODE = YES;
				CLANG_WARN__DUPLICATE_METHOD_MATCH = YES;
				COPY_PHASE_STRIP = NO;
				DEBUG_INFORMATION_FORMAT = dwarf;
				ENABLE_STRICT_OBJC_MSGSEND = YES;
				ENABLE_TESTABILITY = YES;
				ENABLE_USER_SCRIPT_SANDBOXING = NO;
				GCC_C_LANGUAGE_STANDARD = gnu17;
				GCC_DYNAMIC_NO_PIC = NO;
				GCC_NO_COMMON_BLOCKS = YES;
				GCC_OPTIMIZATION_LEVEL = 0;
				GCC_PREPROCESSOR_DEFINITIONS = (
					"DEBUG=1",
					"$(inherited)",
				);
				GCC_WARN_64_TO_32_BIT_CONVERSION = YES;
				GCC_WARN_ABOUT_RETURN_TYPE = YES_ERROR;
				GCC_WARN_UNDECLARED_SELECTOR = YES;
				GCC_WARN_UNINITIALIZED_AUTOS = YES_AGGRESSIVE;
				GCC_WARN_UNUSED_FUNCTION = YES;
				GCC_WARN_UNUSED_VARIABLE = YES;
				IPHONEOS_DEPLOYMENT_TARGET = 17.2;
				LOCALIZATION_PREFERS_STRING_CATALOGS = YES;
				MTL_ENABLE_DEBUG_INFO = INCLUDE_SOURCE;
				MTL_FAST_MATH = YES;
				ONLY_ACTIVE_ARCH = YES;
				SDKROOT = iphoneos;
				SWIFT_ACTIVE_COMPILATION_CONDITIONS = "DEBUG $(inherited)";
				SWIFT_OPTIMIZATION_LEVEL = "-Onone";
			};
			name = Debug;
		};
		F3A74D702BA4BC6C00E91DFE /* Release */ = {
			isa = XCBuildConfiguration;
			buildSettings = {
				ALWAYS_SEARCH_USER_PATHS = NO;
				ASSETCATALOG_COMPILER_GENERATE_SWIFT_ASSET_SYMBOL_EXTENSIONS = YES;
				CLANG_ANALYZER_NONNULL = YES;
				CLANG_ANALYZER_NUMBER_OBJECT_CONVERSION = YES_AGGRESSIVE;
				CLANG_CXX_LANGUAGE_STANDARD = "gnu++20";
				CLANG_ENABLE_MODULES = YES;
				CLANG_ENABLE_OBJC_ARC = YES;
				CLANG_ENABLE_OBJC_WEAK = YES;
				CLANG_WARN_BLOCK_CAPTURE_AUTORELEASING = YES;
				CLANG_WARN_BOOL_CONVERSION = YES;
				CLANG_WARN_COMMA = YES;
				CLANG_WARN_CONSTANT_CONVERSION = YES;
				CLANG_WARN_DEPRECATED_OBJC_IMPLEMENTATIONS = YES;
				CLANG_WARN_DIRECT_OBJC_ISA_USAGE = YES_ERROR;
				CLANG_WARN_DOCUMENTATION_COMMENTS = YES;
				CLANG_WARN_EMPTY_BODY = YES;
				CLANG_WARN_ENUM_CONVERSION = YES;
				CLANG_WARN_INFINITE_RECURSION = YES;
				CLANG_WARN_INT_CONVERSION = YES;
				CLANG_WARN_NON_LITERAL_NULL_CONVERSION = YES;
				CLANG_WARN_OBJC_IMPLICIT_RETAIN_SELF = YES;
				CLANG_WARN_OBJC_LITERAL_CONVERSION = YES;
				CLANG_WARN_OBJC_ROOT_CLASS = YES_ERROR;
				CLANG_WARN_QUOTED_INCLUDE_IN_FRAMEWORK_HEADER = YES;
				CLANG_WARN_RANGE_LOOP_ANALYSIS = YES;
				CLANG_WARN_STRICT_PROTOTYPES = YES;
				CLANG_WARN_SUSPICIOUS_MOVE = YES;
				CLANG_WARN_UNGUARDED_AVAILABILITY = YES_AGGRESSIVE;
				CLANG_WARN_UNREACHABLE_CODE = YES;
				CLANG_WARN__DUPLICATE_METHOD_MATCH = YES;
				COPY_PHASE_STRIP = NO;
				DEBUG_INFORMATION_FORMAT = "dwarf-with-dsym";
				ENABLE_NS_ASSERTIONS = NO;
				ENABLE_STRICT_OBJC_MSGSEND = YES;
				ENABLE_USER_SCRIPT_SANDBOXING = NO;
				GCC_C_LANGUAGE_STANDARD = gnu17;
				GCC_NO_COMMON_BLOCKS = YES;
				GCC_WARN_64_TO_32_BIT_CONVERSION = YES;
				GCC_WARN_ABOUT_RETURN_TYPE = YES_ERROR;
				GCC_WARN_UNDECLARED_SELECTOR = YES;
				GCC_WARN_UNINITIALIZED_AUTOS = YES_AGGRESSIVE;
				GCC_WARN_UNUSED_FUNCTION = YES;
				GCC_WARN_UNUSED_VARIABLE = YES;
				IPHONEOS_DEPLOYMENT_TARGET = 17.2;
				LOCALIZATION_PREFERS_STRING_CATALOGS = YES;
				MTL_ENABLE_DEBUG_INFO = NO;
				MTL_FAST_MATH = YES;
				SDKROOT = iphoneos;
				SWIFT_COMPILATION_MODE = wholemodule;
				VALIDATE_PRODUCT = YES;
			};
			name = Release;
		};
		F3A74D722BA4BC6C00E91DFE /* Debug */ = {
			isa = XCBuildConfiguration;
			baseConfigurationReference = DD34DFB863D2FF26F321C19F /* Pods-fyp.debug.xcconfig */;
			buildSettings = {
				ALWAYS_EMBED_SWIFT_STANDARD_LIBRARIES = YES;
				ASSETCATALOG_COMPILER_APPICON_NAME = AppIcon;
				ASSETCATALOG_COMPILER_GLOBAL_ACCENT_COLOR_NAME = AccentColor;
				CODE_SIGN_STYLE = Automatic;
				CURRENT_PROJECT_VERSION = 1;
				DEVELOPMENT_TEAM = WXE55A32E5;
				GENERATE_INFOPLIST_FILE = YES;
				INFOPLIST_FILE = fyp/Info.plist;
				INFOPLIST_KEY_UIApplicationSupportsIndirectInputEvents = YES;
				INFOPLIST_KEY_UILaunchStoryboardName = LaunchScreen;
				INFOPLIST_KEY_UISupportedInterfaceOrientations_iPad = "UIInterfaceOrientationPortrait UIInterfaceOrientationPortraitUpsideDown UIInterfaceOrientationLandscapeLeft UIInterfaceOrientationLandscapeRight";
				INFOPLIST_KEY_UISupportedInterfaceOrientations_iPhone = "UIInterfaceOrientationPortrait UIInterfaceOrientationLandscapeLeft UIInterfaceOrientationLandscapeRight";
				LD_RUNPATH_SEARCH_PATHS = (
					"$(inherited)",
					"@executable_path/Frameworks",
				);
				MARKETING_VERSION = 1.0;
				PRODUCT_BUNDLE_IDENTIFIER = com.ta1458z.fyp;
				PRODUCT_NAME = "$(TARGET_NAME)";
				SWIFT_EMIT_LOC_STRINGS = YES;
				SWIFT_VERSION = 5.0;
				TARGETED_DEVICE_FAMILY = "1,2";
			};
			name = Debug;
		};
		F3A74D732BA4BC6C00E91DFE /* Release */ = {
			isa = XCBuildConfiguration;
			baseConfigurationReference = CCDA16917C5736AABA612CBB /* Pods-fyp.release.xcconfig */;
			buildSettings = {
				ALWAYS_EMBED_SWIFT_STANDARD_LIBRARIES = YES;
				ASSETCATALOG_COMPILER_APPICON_NAME = AppIcon;
				ASSETCATALOG_COMPILER_GLOBAL_ACCENT_COLOR_NAME = AccentColor;
				CODE_SIGN_STYLE = Automatic;
				CURRENT_PROJECT_VERSION = 1;
				DEVELOPMENT_TEAM = WXE55A32E5;
				GENERATE_INFOPLIST_FILE = YES;
				INFOPLIST_FILE = fyp/Info.plist;
				INFOPLIST_KEY_UIApplicationSupportsIndirectInputEvents = YES;
				INFOPLIST_KEY_UILaunchStoryboardName = LaunchScreen;
				INFOPLIST_KEY_UISupportedInterfaceOrientations_iPad = "UIInterfaceOrientationPortrait UIInterfaceOrientationPortraitUpsideDown UIInterfaceOrientationLandscapeLeft UIInterfaceOrientationLandscapeRight";
				INFOPLIST_KEY_UISupportedInterfaceOrientations_iPhone = "UIInterfaceOrientationPortrait UIInterfaceOrientationLandscapeLeft UIInterfaceOrientationLandscapeRight";
				LD_RUNPATH_SEARCH_PATHS = (
					"$(inherited)",
					"@executable_path/Frameworks",
				);
				MARKETING_VERSION = 1.0;
				PRODUCT_BUNDLE_IDENTIFIER = com.ta1458z.fyp;
				PRODUCT_NAME = "$(TARGET_NAME)";
				SWIFT_EMIT_LOC_STRINGS = YES;
				SWIFT_VERSION = 5.0;
				TARGETED_DEVICE_FAMILY = "1,2";
			};
			name = Release;
		};
/* End XCBuildConfiguration section */

/* Begin XCConfigurationList section */
		F33AA10B2BA4BFE000119193 /* Build configuration list for PBXNativeTarget "TANetworking" */ = {
			isa = XCConfigurationList;
			buildConfigurations = (
				F33AA10C2BA4BFE000119193 /* Debug */,
				F33AA10D2BA4BFE000119193 /* Release */,
			);
			defaultConfigurationIsVisible = 0;
			defaultConfigurationName = Release;
		};
		F3A74D582BA4BC6A00E91DFE /* Build configuration list for PBXProject "fyp" */ = {
			isa = XCConfigurationList;
			buildConfigurations = (
				F3A74D6F2BA4BC6C00E91DFE /* Debug */,
				F3A74D702BA4BC6C00E91DFE /* Release */,
			);
			defaultConfigurationIsVisible = 0;
			defaultConfigurationName = Release;
		};
		F3A74D712BA4BC6C00E91DFE /* Build configuration list for PBXNativeTarget "fyp" */ = {
			isa = XCConfigurationList;
			buildConfigurations = (
				F3A74D722BA4BC6C00E91DFE /* Debug */,
				F3A74D732BA4BC6C00E91DFE /* Release */,
			);
			defaultConfigurationIsVisible = 0;
			defaultConfigurationName = Release;
		};
/* End XCConfigurationList section */
	};
	rootObject = F3A74D552BA4BC6A00E91DFE /* Project object */;
}
